
Microsoft Visual Studio Solution File, Format Version 11.00
# Visual Studio 2010
Project("{FAE04EC0-301F-11D3-BF4B-00C04F79EFBC}") = "Project 1 Pt 3", "Assembly-CSharp.csproj", "{CAC4399E-6813-4AFD-5340-A90F133F500A}"
EndProject
Global
	GlobalSection(SolutionConfigurationPlatforms) = preSolution
		Debug|Any CPU = Debug|Any CPU
		Release|Any CPU = Release|Any CPU
	EndGlobalSection
	GlobalSection(ProjectConfigurationPlatforms) = postSolution
		{CAC4399E-6813-4AFD-5340-A90F133F500A}.Debug|Any CPU.ActiveCfg = Debug|Any CPU
		{CAC4399E-6813-4AFD-5340-A90F133F500A}.Debug|Any CPU.Build.0 = Debug|Any CPU
		{CAC4399E-6813-4AFD-5340-A90F133F500A}.Release|Any CPU.ActiveCfg = Release|Any CPU
		{CAC4399E-6813-4AFD-5340-A90F133F500A}.Release|Any CPU.Build.0 = Release|Any CPU
	EndGlobalSection
	GlobalSection(SolutionProperties) = preSolution
		HideSolutionNode = FALSE
	EndGlobalSection
	GlobalSection(MonoDevelopProperties) = preSolution
		StartupItem = Assembly-CSharp.csproj
	EndGlobalSection
EndGlobal
